<?xml version="1.0" encoding="utf-8"?>
<Project ToolsVersion="4.0" xmlns="http://schemas.microsoft.com/developer/msbuild/2003">
  <ItemGroup>
    <Filter Include="Engine">
      <UniqueIdentifier>{9a535681-6214-4a46-af19-a881167d2d2c}</UniqueIdentifier>
    </Filter>
    <Filter Include="Engine\Logger">
      <UniqueIdentifier>{ea822f9a-1451-499c-af5c-4873624f3d58}</UniqueIdentifier>
    </Filter>
    <Filter Include="Engine\Logger\header">
      <UniqueIdentifier>{957766b5-77cd-432a-9058-56ab690c4f9f}</UniqueIdentifier>
    </Filter>
    <Filter Include="Engine\Profiler">
      <UniqueIdentifier>{0c439424-9210-4bf3-91e4-dbf19aeb2249}</UniqueIdentifier>
    </Filter>
    <Filter Include="Engine\Utils">
      <UniqueIdentifier>{4463f7ad-4f9d-445b-a075-42bf382a3b3a}</UniqueIdentifier>
    </Filter>
  </ItemGroup>
  <ItemGroup>
    <ClInclude Include="Engine\Logger\headers\logPolicies.h">
      <Filter>Engine\Logger\header</Filter>
    </ClInclude>
    <ClInclude Include="Engine\Logger\headers\logBuffer.h">
      <Filter>Engine\Logger\header</Filter>
    </ClInclude>
    <ClInclude Include="Engine\Logger\headers\logConstants.h">
      <Filter>Engine\Logger\header</Filter>
    </ClInclude>
    <ClInclude Include="Engine\Logger\headers\logTask.h">
      <Filter>Engine\Logger\header</Filter>
    </ClInclude>
    <ClInclude Include="Engine\utils\platform.h">
      <Filter>Engine\Utils</Filter>
    </ClInclude>
    <ClInclude Include="Engine\utils\utime.h">
      <Filter>Engine\Utils</Filter>
    </ClInclude>
  </ItemGroup>
  <ItemGroup>
    <ClCompile Include="Engine\ubiquityEngine.cpp">
      <Filter>Engine</Filter>
    </ClCompile>
  </ItemGroup>
</Project>